Microsoft Visual Studio Solution File, Format Version 11.00
# Visual Studio 2008

Project("{07EC96BA-CC86-62E4-CDFC-3E3D68FDE3D2}") = "BuildnBattle", "Assembly-CSharp-vs.csproj", "{9A7C460F-FA14-62A4-6D4D-31BE7DDD11D2}"
EndProject
Project("{07EC96BA-CC86-62E4-CDFC-3E3D68FDE3D2}") = "BuildnBattle", "Assembly-CSharp-Editor-vs.csproj", "{D1176E87-2EF3-49D2-9415-AA2C6420A8DD}"
EndProject
Global
	GlobalSection(SolutionConfigurationPlatforms) = preSolution
		Debug|Any CPU = Debug|Any CPU
		Release|Any CPU = Release|Any CPU
	EndGlobalSection
	GlobalSection(ProjectConfigurationPlatforms) = postSolution
		{9A7C460F-FA14-62A4-6D4D-31BE7DDD11D2}.Debug|Any CPU.ActiveCfg = Debug|Any CPU
		{9A7C460F-FA14-62A4-6D4D-31BE7DDD11D2}.Debug|Any CPU.Build.0 = Debug|Any CPU
		{9A7C460F-FA14-62A4-6D4D-31BE7DDD11D2}.Release|Any CPU.ActiveCfg = Release|Any CPU
		{9A7C460F-FA14-62A4-6D4D-31BE7DDD11D2}.Release|Any CPU.Build.0 = Release|Any CPU
		{D1176E87-2EF3-49D2-9415-AA2C6420A8DD}.Debug|Any CPU.ActiveCfg = Debug|Any CPU
		{D1176E87-2EF3-49D2-9415-AA2C6420A8DD}.Debug|Any CPU.Build.0 = Debug|Any CPU
		{D1176E87-2EF3-49D2-9415-AA2C6420A8DD}.Release|Any CPU.ActiveCfg = Release|Any CPU
		{D1176E87-2EF3-49D2-9415-AA2C6420A8DD}.Release|Any CPU.Build.0 = Release|Any CPU
	EndGlobalSection
	GlobalSection(SolutionProperties) = preSolution
		HideSolutionNode = FALSE
	EndGlobalSection
						GlobalSection(MonoDevelopProperties) = preSolution
		StartupItem = Assembly-CSharp.csproj
		Policies = $0
		$0.TextStylePolicy = $1
		$1.FileWidth = 120
		$1.RemoveTrailingWhitespace = True
		$1.EolMarker = Unix
		$1.inheritsSet = VisualStudio
		$1.inheritsScope = text/plain
		$1.scope = text/x-csharp
		$0.CSharpFormattingPolicy = $2
		$2.inheritsSet = Mono
		$2.inheritsScope = text/x-csharp
		$2.scope = text/x-csharp
		$0.TextStylePolicy = $3
		$3.FileWidth = 120
		$3.TabWidth = 4
		$3.EolMarker = Unix
		$3.inheritsSet = Mono
		$3.inheritsScope = text/plain
		$3.scope = text/plain
		$0.DotNetNamingPolicy = $4
		$4.DirectoryNamespaceAssociation = None
		$4.ResourceNamePolicy = FileFormatDefault
	EndGlobalSection

EndGlobal
